// !$*UTF8*$!
{
	archiveVersion = 1;
	classes = {
	};
	objectVersion = 48;
	objects = {

/* Begin PBXBuildFile section */
		A932BEF11FEBEC2D008CE1D4 /* AppDelegate.swift in Sources */ = {isa = PBXBuildFile; fileRef = A932BEF01FEBEC2D008CE1D4 /* AppDelegate.swift */; };
		A932BEF31FEBEC2D008CE1D4 /* GifPickerViewController.swift in Sources */ = {isa = PBXBuildFile; fileRef = A932BEF21FEBEC2D008CE1D4 /* GifPickerViewController.swift */; };
		A932BEF61FEBEC2D008CE1D4 /* Main.storyboard in Resources */ = {isa = PBXBuildFile; fileRef = A932BEF41FEBEC2D008CE1D4 /* Main.storyboard */; };
		A932BEF81FEBEC2D008CE1D4 /* Assets.xcassets in Resources */ = {isa = PBXBuildFile; fileRef = A932BEF71FEBEC2D008CE1D4 /* Assets.xcassets */; };
		A932BEFB1FEBEC2D008CE1D4 /* LaunchScreen.storyboard in Resources */ = {isa = PBXBuildFile; fileRef = A932BEF91FEBEC2D008CE1D4 /* LaunchScreen.storyboard */; };
		A932BF041FEBF117008CE1D4 /* GifAsset.swift in Sources */ = {isa = PBXBuildFile; fileRef = A932BF031FEBF117008CE1D4 /* GifAsset.swift */; };
		A932BF071FEBFBA5008CE1D4 /* PickerCollectionView.swift in Sources */ = {isa = PBXBuildFile; fileRef = A932BF061FEBFBA5008CE1D4 /* PickerCollectionView.swift */; };
		A932BF091FEC03F6008CE1D4 /* GifTrendingTask.swift in Sources */ = {isa = PBXBuildFile; fileRef = A932BF081FEC03F6008CE1D4 /* GifTrendingTask.swift */; };
		A94A970B2029496A006BACB9 /* GifPickerTests.swift in Sources */ = {isa = PBXBuildFile; fileRef = A94A970A2029496A006BACB9 /* GifPickerTests.swift */; };
		A94A971320294C38006BACB9 /* GifStandards.swift in Sources */ = {isa = PBXBuildFile; fileRef = A94A971220294C38006BACB9 /* GifStandards.swift */; };
		A96776471FEC5944000F0B3D /* GifConfig.swift in Sources */ = {isa = PBXBuildFile; fileRef = A96776461FEC5944000F0B3D /* GifConfig.swift */; };
		A96776491FEC5C04000F0B3D /* GifSessionTask.swift in Sources */ = {isa = PBXBuildFile; fileRef = A96776481FEC5C04000F0B3D /* GifSessionTask.swift */; };
		A967764B1FEC6074000F0B3D /* GifSession.swift in Sources */ = {isa = PBXBuildFile; fileRef = A967764A1FEC6074000F0B3D /* GifSession.swift */; };
		A9D937841FED3A1E00BC5656 /* GifRequest.swift in Sources */ = {isa = PBXBuildFile; fileRef = A9D937831FED3A1E00BC5656 /* GifRequest.swift */; };
		A9D937861FED3E3600BC5656 /* GifManager.swift in Sources */ = {isa = PBXBuildFile; fileRef = A9D937851FED3E3600BC5656 /* GifManager.swift */; };
/* End PBXBuildFile section */

/* Begin PBXContainerItemProxy section */
		A94A970D2029496A006BACB9 /* PBXContainerItemProxy */ = {
			isa = PBXContainerItemProxy;
			containerPortal = A932BEE51FEBEC2D008CE1D4 /* Project object */;
			proxyType = 1;
			remoteGlobalIDString = A932BEEC1FEBEC2D008CE1D4;
			remoteInfo = GifPicker;
		};
/* End PBXContainerItemProxy section */

/* Begin PBXFileReference section */
		A932BEED1FEBEC2D008CE1D4 /* GifPicker.app */ = {isa = PBXFileReference; explicitFileType = wrapper.application; includeInIndex = 0; path = GifPicker.app; sourceTree = BUILT_PRODUCTS_DIR; };
		A932BEF01FEBEC2D008CE1D4 /* AppDelegate.swift */ = {isa = PBXFileReference; lastKnownFileType = sourcecode.swift; path = AppDelegate.swift; sourceTree = "<group>"; };
		A932BEF21FEBEC2D008CE1D4 /* GifPickerViewController.swift */ = {isa = PBXFileReference; lastKnownFileType = sourcecode.swift; path = GifPickerViewController.swift; sourceTree = "<group>"; };
		A932BEF51FEBEC2D008CE1D4 /* Base */ = {isa = PBXFileReference; lastKnownFileType = file.storyboard; name = Base; path = Base.lproj/Main.storyboard; sourceTree = "<group>"; };
		A932BEF71FEBEC2D008CE1D4 /* Assets.xcassets */ = {isa = PBXFileReference; lastKnownFileType = folder.assetcatalog; path = Assets.xcassets; sourceTree = "<group>"; };
		A932BEFA1FEBEC2D008CE1D4 /* Base */ = {isa = PBXFileReference; lastKnownFileType = file.storyboard; name = Base; path = Base.lproj/LaunchScreen.storyboard; sourceTree = "<group>"; };
		A932BEFC1FEBEC2D008CE1D4 /* Info.plist */ = {isa = PBXFileReference; lastKnownFileType = text.plist.xml; path = Info.plist; sourceTree = "<group>"; };
		A932BF031FEBF117008CE1D4 /* GifAsset.swift */ = {isa = PBXFileReference; lastKnownFileType = sourcecode.swift; path = GifAsset.swift; sourceTree = "<group>"; };
		A932BF061FEBFBA5008CE1D4 /* PickerCollectionView.swift */ = {isa = PBXFileReference; lastKnownFileType = sourcecode.swift; path = PickerCollectionView.swift; sourceTree = "<group>"; };
		A932BF081FEC03F6008CE1D4 /* GifTrendingTask.swift */ = {isa = PBXFileReference; lastKnownFileType = sourcecode.swift; path = GifTrendingTask.swift; sourceTree = "<group>"; };
		A94A97082029496A006BACB9 /* GifPickerTests.xctest */ = {isa = PBXFileReference; explicitFileType = wrapper.cfbundle; includeInIndex = 0; path = GifPickerTests.xctest; sourceTree = BUILT_PRODUCTS_DIR; };
		A94A970A2029496A006BACB9 /* GifPickerTests.swift */ = {isa = PBXFileReference; lastKnownFileType = sourcecode.swift; path = GifPickerTests.swift; sourceTree = "<group>"; };
		A94A970C2029496A006BACB9 /* Info.plist */ = {isa = PBXFileReference; lastKnownFileType = text.plist.xml; path = Info.plist; sourceTree = "<group>"; };
		A94A971220294C38006BACB9 /* GifStandards.swift */ = {isa = PBXFileReference; lastKnownFileType = sourcecode.swift; path = GifStandards.swift; sourceTree = "<group>"; };
		A96776461FEC5944000F0B3D /* GifConfig.swift */ = {isa = PBXFileReference; lastKnownFileType = sourcecode.swift; path = GifConfig.swift; sourceTree = "<group>"; };
		A96776481FEC5C04000F0B3D /* GifSessionTask.swift */ = {isa = PBXFileReference; lastKnownFileType = sourcecode.swift; path = GifSessionTask.swift; sourceTree = "<group>"; };
		A967764A1FEC6074000F0B3D /* GifSession.swift */ = {isa = PBXFileReference; lastKnownFileType = sourcecode.swift; path = GifSession.swift; sourceTree = "<group>"; };
		A9D937831FED3A1E00BC5656 /* GifRequest.swift */ = {isa = PBXFileReference; lastKnownFileType = sourcecode.swift; path = GifRequest.swift; sourceTree = "<group>"; };
		A9D937851FED3E3600BC5656 /* GifManager.swift */ = {isa = PBXFileReference; lastKnownFileType = sourcecode.swift; path = GifManager.swift; sourceTree = "<group>"; };
/* End PBXFileReference section */

/* Begin PBXFrameworksBuildPhase section */
		A932BEEA1FEBEC2D008CE1D4 /* Frameworks */ = {
			isa = PBXFrameworksBuildPhase;
			buildActionMask = 2147483647;
			files = (
			);
			runOnlyForDeploymentPostprocessing = 0;
		};
		A94A97052029496A006BACB9 /* Frameworks */ = {
			isa = PBXFrameworksBuildPhase;
			buildActionMask = 2147483647;
			files = (
			);
			runOnlyForDeploymentPostprocessing = 0;
		};
/* End PBXFrameworksBuildPhase section */

/* Begin PBXGroup section */
		A932BEE41FEBEC2D008CE1D4 = {
			isa = PBXGroup;
			children = (
				A932BEEF1FEBEC2D008CE1D4 /* GifPicker */,
				A94A97092029496A006BACB9 /* GifPickerTests */,
				A932BEEE1FEBEC2D008CE1D4 /* Products */,
			);
			sourceTree = "<group>";
		};
		A932BEEE1FEBEC2D008CE1D4 /* Products */ = {
			isa = PBXGroup;
			children = (
				A932BEED1FEBEC2D008CE1D4 /* GifPicker.app */,
				A94A97082029496A006BACB9 /* GifPickerTests.xctest */,
			);
			name = Products;
			sourceTree = "<group>";
		};
		A932BEEF1FEBEC2D008CE1D4 /* GifPicker */ = {
			isa = PBXGroup;
			children = (
				A932BF051FEBFB24008CE1D4 /* Loading GIFs */,
				A932BF021FEBF0FA008CE1D4 /* Model */,
				A932BEF01FEBEC2D008CE1D4 /* AppDelegate.swift */,
				A932BEF21FEBEC2D008CE1D4 /* GifPickerViewController.swift */,
				A932BEF41FEBEC2D008CE1D4 /* Main.storyboard */,
				A932BEF71FEBEC2D008CE1D4 /* Assets.xcassets */,
				A932BEF91FEBEC2D008CE1D4 /* LaunchScreen.storyboard */,
				A932BEFC1FEBEC2D008CE1D4 /* Info.plist */,
			);
			path = GifPicker;
			sourceTree = "<group>";
		};
		A932BF021FEBF0FA008CE1D4 /* Model */ = {
			isa = PBXGroup;
			children = (
				A932BF031FEBF117008CE1D4 /* GifAsset.swift */,
				A96776461FEC5944000F0B3D /* GifConfig.swift */,
				A96776481FEC5C04000F0B3D /* GifSessionTask.swift */,
				A967764A1FEC6074000F0B3D /* GifSession.swift */,
				A9D937831FED3A1E00BC5656 /* GifRequest.swift */,
				A94A971220294C38006BACB9 /* GifStandards.swift */,
				A9D937851FED3E3600BC5656 /* GifManager.swift */,
			);
			path = Model;
			sourceTree = "<group>";
		};
		A932BF051FEBFB24008CE1D4 /* Loading GIFs */ = {
			isa = PBXGroup;
			children = (
				A932BF061FEBFBA5008CE1D4 /* PickerCollectionView.swift */,
				A932BF081FEC03F6008CE1D4 /* GifTrendingTask.swift */,
			);
			path = "Loading GIFs";
			sourceTree = "<group>";
		};
		A94A97092029496A006BACB9 /* GifPickerTests */ = {
			isa = PBXGroup;
			children = (
				A94A970A2029496A006BACB9 /* GifPickerTests.swift */,
				A94A970C2029496A006BACB9 /* Info.plist */,
			);
			path = GifPickerTests;
			sourceTree = "<group>";
		};
/* End PBXGroup section */

/* Begin PBXNativeTarget section */
		A932BEEC1FEBEC2D008CE1D4 /* GifPicker */ = {
			isa = PBXNativeTarget;
			buildConfigurationList = A932BEFF1FEBEC2D008CE1D4 /* Build configuration list for PBXNativeTarget "GifPicker" */;
			buildPhases = (
				A932BEE91FEBEC2D008CE1D4 /* Sources */,
				A932BEEA1FEBEC2D008CE1D4 /* Frameworks */,
				A932BEEB1FEBEC2D008CE1D4 /* Resources */,
			);
			buildRules = (
			);
			dependencies = (
			);
			name = GifPicker;
			productName = "GifPicker ViewController";
			productReference = A932BEED1FEBEC2D008CE1D4 /* GifPicker.app */;
			productType = "com.apple.product-type.application";
		};
		A94A97072029496A006BACB9 /* GifPickerTests */ = {
			isa = PBXNativeTarget;
			buildConfigurationList = A94A97112029496A006BACB9 /* Build configuration list for PBXNativeTarget "GifPickerTests" */;
			buildPhases = (
				A94A97042029496A006BACB9 /* Sources */,
				A94A97052029496A006BACB9 /* Frameworks */,
				A94A97062029496A006BACB9 /* Resources */,
			);
			buildRules = (
			);
			dependencies = (
				A94A970E2029496A006BACB9 /* PBXTargetDependency */,
			);
			name = GifPickerTests;
			productName = GifPickerTests;
			productReference = A94A97082029496A006BACB9 /* GifPickerTests.xctest */;
			productType = "com.apple.product-type.bundle.unit-test";
		};
/* End PBXNativeTarget section */

/* Begin PBXProject section */
		A932BEE51FEBEC2D008CE1D4 /* Project object */ = {
			isa = PBXProject;
			attributes = {
				LastSwiftUpdateCheck = 0920;
				LastUpgradeCheck = 0920;
				ORGANIZATIONNAME = "Rob Caraway";
				TargetAttributes = {
					A932BEEC1FEBEC2D008CE1D4 = {
						CreatedOnToolsVersion = 9.2;
						ProvisioningStyle = Automatic;
					};
					A94A97072029496A006BACB9 = {
						CreatedOnToolsVersion = 9.2;
						ProvisioningStyle = Automatic;
						TestTargetID = A932BEEC1FEBEC2D008CE1D4;
					};
				};
			};
			buildConfigurationList = A932BEE81FEBEC2D008CE1D4 /* Build configuration list for PBXProject "GifPicker" */;
			compatibilityVersion = "Xcode 8.0";
			developmentRegion = en;
			hasScannedForEncodings = 0;
			knownRegions = (
				en,
				Base,
			);
			mainGroup = A932BEE41FEBEC2D008CE1D4;
			productRefGroup = A932BEEE1FEBEC2D008CE1D4 /* Products */;
			projectDirPath = "";
			projectRoot = "";
			targets = (
				A932BEEC1FEBEC2D008CE1D4 /* GifPicker */,
				A94A97072029496A006BACB9 /* GifPickerTests */,
			);
		};
/* End PBXProject section */

/* Begin PBXResourcesBuildPhase section */
		A932BEEB1FEBEC2D008CE1D4 /* Resources */ = {
			isa = PBXResourcesBuildPhase;
			buildActionMask = 2147483647;
			files = (
				A932BEFB1FEBEC2D008CE1D4 /* LaunchScreen.storyboard in Resources */,
				A932BEF81FEBEC2D008CE1D4 /* Assets.xcassets in Resources */,
				A932BEF61FEBEC2D008CE1D4 /* Main.storyboard in Resources */,
			);
			runOnlyForDeploymentPostprocessing = 0;
		};
		A94A97062029496A006BACB9 /* Resources */ = {
			isa = PBXResourcesBuildPhase;
			buildActionMask = 2147483647;
			files = (
			);
			runOnlyForDeploymentPostprocessing = 0;
		};
/* End PBXResourcesBuildPhase section */

/* Begin PBXSourcesBuildPhase section */
		A932BEE91FEBEC2D008CE1D4 /* Sources */ = {
			isa = PBXSourcesBuildPhase;
			buildActionMask = 2147483647;
			files = (
				A94A971320294C38006BACB9 /* GifStandards.swift in Sources */,
				A932BEF31FEBEC2D008CE1D4 /* GifPickerViewController.swift in Sources */,
				A932BF091FEC03F6008CE1D4 /* GifTrendingTask.swift in Sources */,
				A932BEF11FEBEC2D008CE1D4 /* AppDelegate.swift in Sources */,
				A932BF071FEBFBA5008CE1D4 /* PickerCollectionView.swift in Sources */,
				A9D937841FED3A1E00BC5656 /* GifRequest.swift in Sources */,
				A96776491FEC5C04000F0B3D /* GifSessionTask.swift in Sources */,
				A967764B1FEC6074000F0B3D /* GifSession.swift in Sources */,
				A96776471FEC5944000F0B3D /* GifConfig.swift in Sources */,
				A9D937861FED3E3600BC5656 /* GifManager.swift in Sources */,
				A932BF041FEBF117008CE1D4 /* GifAsset.swift in Sources */,
			);
			runOnlyForDeploymentPostprocessing = 0;
		};
		A94A97042029496A006BACB9 /* Sources */ = {
			isa = PBXSourcesBuildPhase;
			buildActionMask = 2147483647;
			files = (
				A94A970B2029496A006BACB9 /* GifPickerTests.swift in Sources */,
			);
			runOnlyForDeploymentPostprocessing = 0;
		};
/* End PBXSourcesBuildPhase section */

/* Begin PBXTargetDependency section */
		A94A970E2029496A006BACB9 /* PBXTargetDependency */ = {
			isa = PBXTargetDependency;
			target = A932BEEC1FEBEC2D008CE1D4 /* GifPicker */;
			targetProxy = A94A970D2029496A006BACB9 /* PBXContainerItemProxy */;
		};
/* End PBXTargetDependency section */

/* Begin PBXVariantGroup section */
		A932BEF41FEBEC2D008CE1D4 /* Main.storyboard */ = {
			isa = PBXVariantGroup;
			children = (
				A932BEF51FEBEC2D008CE1D4 /* Base */,
			);
			name = Main.storyboard;
			sourceTree = "<group>";
		};
		A932BEF91FEBEC2D008CE1D4 /* LaunchScreen.storyboard */ = {
			isa = PBXVariantGroup;
			children = (
				A932BEFA1FEBEC2D008CE1D4 /* Base */,
			);
			name = LaunchScreen.storyboard;
			sourceTree = "<group>";
		};
/* End PBXVariantGroup section */

/* Begin XCBuildConfiguration section */
		A932BEFD1FEBEC2D008CE1D4 /* Debug */ = {
			isa = XCBuildConfiguration;
			buildSettings = {
				ALWAYS_SEARCH_USER_PATHS = NO;
				CLANG_ANALYZER_NONNULL = YES;
				CLANG_ANALYZER_NUMBER_OBJECT_CONVERSION = YES_AGGRESSIVE;
				CLANG_CXX_LANGUAGE_STANDARD = "gnu++14";
				CLANG_CXX_LIBRARY = "libc++";
				CLANG_ENABLE_MODULES = YES;
				CLANG_ENABLE_OBJC_ARC = YES;
				CLANG_WARN_BLOCK_CAPTURE_AUTORELEASING = YES;
				CLANG_WARN_BOOL_CONVERSION = YES;
				CLANG_WARN_COMMA = YES;
				CLANG_WARN_CONSTANT_CONVERSION = YES;
				CLANG_WARN_DIRECT_OBJC_ISA_USAGE = YES_ERROR;
				CLANG_WARN_DOCUMENTATION_COMMENTS = YES;
				CLANG_WARN_EMPTY_BODY = YES;
				CLANG_WARN_ENUM_CONVERSION = YES;
				CLANG_WARN_INFINITE_RECURSION = YES;
				CLANG_WARN_INT_CONVERSION = YES;
				CLANG_WARN_NON_LITERAL_NULL_CONVERSION = YES;
				CLANG_WARN_OBJC_LITERAL_CONVERSION = YES;
				CLANG_WARN_OBJC_ROOT_CLASS = YES_ERROR;
				CLANG_WARN_RANGE_LOOP_ANALYSIS = YES;
				CLANG_WARN_STRICT_PROTOTYPES = YES;
				CLANG_WARN_SUSPICIOUS_MOVE = YES;
				CLANG_WARN_UNGUARDED_AVAILABILITY = YES_AGGRESSIVE;
				CLANG_WARN_UNREACHABLE_CODE = YES;
				CLANG_WARN__DUPLICATE_METHOD_MATCH = YES;
				CODE_SIGN_IDENTITY = "iPhone Developer";
				COPY_PHASE_STRIP = NO;
				DEBUG_INFORMATION_FORMAT = dwarf;
				ENABLE_STRICT_OBJC_MSGSEND = YES;
				ENABLE_TESTABILITY = YES;
				GCC_C_LANGUAGE_STANDARD = gnu11;
				GCC_DYNAMIC_NO_PIC = NO;
				GCC_NO_COMMON_BLOCKS = YES;
				GCC_OPTIMIZATION_LEVEL = 0;
				GCC_PREPROCESSOR_DEFINITIONS = (
					"DEBUG=1",
					"$(inherited)",
				);
				GCC_WARN_64_TO_32_BIT_CONVERSION = YES;
				GCC_WARN_ABOUT_RETURN_TYPE = YES_ERROR;
				GCC_WARN_UNDECLARED_SELECTOR = YES;
				GCC_WARN_UNINITIALIZED_AUTOS = YES_AGGRESSIVE;
				GCC_WARN_UNUSED_FUNCTION = YES;
				GCC_WARN_UNUSED_VARIABLE = YES;
				IPHONEOS_DEPLOYMENT_TARGET = 11.2;
				MTL_ENABLE_DEBUG_INFO = YES;
				ONLY_ACTIVE_ARCH = YES;
				SDKROOT = iphoneos;
				SWIFT_ACTIVE_COMPILATION_CONDITIONS = DEBUG;
				SWIFT_OPTIMIZATION_LEVEL = "-Onone";
			};
			name = Debug;
		};
		A932BEFE1FEBEC2D008CE1D4 /* Release */ = {
			isa = XCBuildConfiguration;
			buildSettings = {
				ALWAYS_SEARCH_USER_PATHS = NO;
				CLANG_ANALYZER_NONNULL = YES;
				CLANG_ANALYZER_NUMBER_OBJECT_CONVERSION = YES_AGGRESSIVE;
				CLANG_CXX_LANGUAGE_STANDARD = "gnu++14";
				CLANG_CXX_LIBRARY = "libc++";
				CLANG_ENABLE_MODULES = YES;
				CLANG_ENABLE_OBJC_ARC = YES;
				CLANG_WARN_BLOCK_CAPTURE_AUTORELEASING = YES;
				CLANG_WARN_BOOL_CONVERSION = YES;
				CLANG_WARN_COMMA = YES;
				CLANG_WARN_CONSTANT_CONVERSION = YES;
				CLANG_WARN_DIRECT_OBJC_ISA_USAGE = YES_ERROR;
				CLANG_WARN_DOCUMENTATION_COMMENTS = YES;
				CLANG_WARN_EMPTY_BODY = YES;
				CLANG_WARN_ENUM_CONVERSION = YES;
				CLANG_WARN_INFINITE_RECURSION = YES;
				CLANG_WARN_INT_CONVERSION = YES;
				CLANG_WARN_NON_LITERAL_NULL_CONVERSION = YES;
				CLANG_WARN_OBJC_LITERAL_CONVERSION = YES;
				CLANG_WARN_OBJC_ROOT_CLASS = YES_ERROR;
				CLANG_WARN_RANGE_LOOP_ANALYSIS = YES;
				CLANG_WARN_STRICT_PROTOTYPES = YES;
				CLANG_WARN_SUSPICIOUS_MOVE = YES;
				CLANG_WARN_UNGUARDED_AVAILABILITY = YES_AGGRESSIVE;
				CLANG_WARN_UNREACHABLE_CODE = YES;
				CLANG_WARN__DUPLICATE_METHOD_MATCH = YES;
				CODE_SIGN_IDENTITY = "iPhone Developer";
				COPY_PHASE_STRIP = NO;
				DEBUG_INFORMATION_FORMAT = "dwarf-with-dsym";
				ENABLE_NS_ASSERTIONS = NO;
				ENABLE_STRICT_OBJC_MSGSEND = YES;
				GCC_C_LANGUAGE_STANDARD = gnu11;
				GCC_NO_COMMON_BLOCKS = YES;
				GCC_WARN_64_TO_32_BIT_CONVERSION = YES;
				GCC_WARN_ABOUT_RETURN_TYPE = YES_ERROR;
				GCC_WARN_UNDECLARED_SELECTOR = YES;
				GCC_WARN_UNINITIALIZED_AUTOS = YES_AGGRESSIVE;
				GCC_WARN_UNUSED_FUNCTION = YES;
				GCC_WARN_UNUSED_VARIABLE = YES;
				IPHONEOS_DEPLOYMENT_TARGET = 11.2;
				MTL_ENABLE_DEBUG_INFO = NO;
				SDKROOT = iphoneos;
				SWIFT_OPTIMIZATION_LEVEL = "-Owholemodule";
				VALIDATE_PRODUCT = YES;
			};
			name = Release;
		};
		A932BF001FEBEC2D008CE1D4 /* Debug */ = {
			isa = XCBuildConfiguration;
			buildSettings = {
				ASSETCATALOG_COMPILER_APPICON_NAME = AppIcon;
				CODE_SIGN_STYLE = Automatic;
				DEVELOPMENT_TEAM = J546F75L53;
				INFOPLIST_FILE = "$(SRCROOT)/GifPicker/Info.plist";
				LD_RUNPATH_SEARCH_PATHS = "$(inherited) @executable_path/Frameworks";
				PRODUCT_BUNDLE_IDENTIFIER = RC.GifPicker;
				PRODUCT_NAME = "$(TARGET_NAME)";
				SWIFT_VERSION = 4.0;
				TARGETED_DEVICE_FAMILY = "1,2";
			};
			name = Debug;
		};
		A932BF011FEBEC2D008CE1D4 /* Release */ = {
			isa = XCBuildConfiguration;
			buildSettings = {
				ASSETCATALOG_COMPILER_APPICON_NAME = AppIcon;
				CODE_SIGN_STYLE = Automatic;
				DEVELOPMENT_TEAM = J546F75L53;
				INFOPLIST_FILE = "$(SRCROOT)/GifPicker/Info.plist";
				LD_RUNPATH_SEARCH_PATHS = "$(inherited) @executable_path/Frameworks";
				PRODUCT_BUNDLE_IDENTIFIER = RC.GifPicker;
				PRODUCT_NAME = "$(TARGET_NAME)";
				SWIFT_VERSION = 4.0;
				TARGETED_DEVICE_FAMILY = "1,2";
			};
			name = Release;
		};
		A94A970F2029496A006BACB9 /* Debug */ = {
			isa = XCBuildConfiguration;
			buildSettings = {
				BUNDLE_LOADER = "$(TEST_HOST)";
				CODE_SIGN_STYLE = Automatic;
				DEVELOPMENT_TEAM = J546F75L53;
				INFOPLIST_FILE = GifPickerTests/Info.plist;
				LD_RUNPATH_SEARCH_PATHS = "$(inherited) @executable_path/Frameworks @loader_path/Frameworks";
				PRODUCT_BUNDLE_IDENTIFIER = RC.GifPickerTests;
				PRODUCT_NAME = "$(TARGET_NAME)";
				SWIFT_VERSION = 4.0;
				TARGETED_DEVICE_FAMILY = "1,2";
				TEST_HOST = "$(BUILT_PRODUCTS_DIR)/GifPicker.app/GifPicker";
			};
			name = Debug;
		};
		A94A97102029496A006BACB9 /* Release */ = {
			isa = XCBuildConfiguration;
			buildSettings = {
				BUNDLE_LOADER = "$(TEST_HOST)";
				CODE_SIGN_STYLE = Automatic;
				DEVELOPMENT_TEAM = J546F75L53;
				INFOPLIST_FILE = GifPickerTests/Info.plist;
				LD_RUNPATH_SEARCH_PATHS = "$(inherited) @executable_path/Frameworks @loader_path/Frameworks";
				PRODUCT_BUNDLE_IDENTIFIER = RC.GifPickerTests;
				PRODUCT_NAME = "$(TARGET_NAME)";
				SWIFT_VERSION = 4.0;
				TARGETED_DEVICE_FAMILY = "1,2";
				TEST_HOST = "$(BUILT_PRODUCTS_DIR)/GifPicker.app/GifPicker";
			};
			name = Release;
		};
/* End XCBuildConfiguration section */

/* Begin XCConfigurationList section */
		A932BEE81FEBEC2D008CE1D4 /* Build configuration list for PBXProject "GifPicker" */ = {
			isa = XCConfigurationList;
			buildConfigurations = (
				A932BEFD1FEBEC2D008CE1D4 /* Debug */,
				A932BEFE1FEBEC2D008CE1D4 /* Release */,
			);
			defaultConfigurationIsVisible = 0;
			defaultConfigurationName = Release;
		};
		A932BEFF1FEBEC2D008CE1D4 /* Build configuration list for PBXNativeTarget "GifPicker" */ = {
			isa = XCConfigurationList;
			buildConfigurations = (
				A932BF001FEBEC2D008CE1D4 /* Debug */,
				A932BF011FEBEC2D008CE1D4 /* Release */,
			);
			defaultConfigurationIsVisible = 0;
			defaultConfigurationName = Release;
		};
		A94A97112029496A006BACB9 /* Build configuration list for PBXNativeTarget "GifPickerTests" */ = {
			isa = XCConfigurationList;
			buildConfigurations = (
				A94A970F2029496A006BACB9 /* Debug */,
				A94A97102029496A006BACB9 /* Release */,
			);
			defaultConfigurationIsVisible = 0;
			defaultConfigurationName = Release;
		};
/* End XCConfigurationList section */
	};
	rootObject = A932BEE51FEBEC2D008CE1D4 /* Project object */;
}
